
Microsoft Visual Studio Solution File, Format Version 12.00
# Visual Studio Version 17
VisualStudioVersion = 17.10.35004.147
MinimumVisualStudioVersion = 10.0.40219.1
Project("{FAE04EC0-301F-11D3-BF4B-00C04F79EFBC}") = "PersonnelAccounting", "PersonnelAccounting.csproj", "{272B2421-6F76-4BE0-9D28-E2C991740820}"
EndProject
Global
	GlobalSection(SolutionConfigurationPlatforms) = preSolution
		Debug|Any CPU = Debug|Any CPU
		Release|Any CPU = Release|Any CPU
	EndGlobalSection
	GlobalSection(ProjectConfigurationPlatforms) = postSolution
		{272B2421-6F76-4BE0-9D28-E2C991740820}.Debug|Any CPU.ActiveCfg = Debug|Any CPU
		{272B2421-6F76-4BE0-9D28-E2C991740820}.Debug|Any CPU.Build.0 = Debug|Any CPU
		{272B2421-6F76-4BE0-9D28-E2C991740820}.Release|Any CPU.ActiveCfg = Release|Any CPU
		{272B2421-6F76-4BE0-9D28-E2C991740820}.Release|Any CPU.Build.0 = Release|Any CPU
	EndGlobalSection
	GlobalSection(SolutionProperties) = preSolution
		HideSolutionNode = FALSE
	EndGlobalSection
	GlobalSection(ExtensibilityGlobals) = postSolution
		SolutionGuid = {652EDA5C-0628-48FE-8240-962A884D1B64}
	EndGlobalSection
EndGlobal
